// !$*UTF8*$!
{
	archiveVersion = 1;
	classes = {
	};
	objectVersion = 56;
	objects = {

/* Begin PBXBuildFile section */
		912FE2702B9111330065D33E /* dictionaryTests.s in Sources */ = {isa = PBXBuildFile; fileRef = 912FE26F2B9111330065D33E /* dictionaryTests.s */; };
		912FE2722B9121400065D33E /* dictionary.s in Sources */ = {isa = PBXBuildFile; fileRef = 912FE2712B9121400065D33E /* dictionary.s */; };
		913B91FA2B9A57AB00943E4E /* input.s in Sources */ = {isa = PBXBuildFile; fileRef = 913B91F92B9A57AB00943E4E /* input.s */; };
		913B91FE2B9A5AB400943E4E /* inputTests.s in Sources */ = {isa = PBXBuildFile; fileRef = 913B91FD2B9A5AB400943E4E /* inputTests.s */; };
		91451FBF2B73E3C700D8C89A /* compileTests.s in Sources */ = {isa = PBXBuildFile; fileRef = 91451FBE2B73E3C700D8C89A /* compileTests.s */; };
		91451FC02B73E3D400D8C89A /* cLikeTests.s in Sources */ = {isa = PBXBuildFile; fileRef = 91238D812B730AD800052895 /* cLikeTests.s */; };
		91451FC22B73E3F000D8C89A /* interpreterTests.s in Sources */ = {isa = PBXBuildFile; fileRef = 91451FC12B73E3F000D8C89A /* interpreterTests.s */; };
		91451FC42B73E40500D8C89A /* unitTestPlayground.s in Sources */ = {isa = PBXBuildFile; fileRef = 91451FC32B73E40500D8C89A /* unitTestPlayground.s */; };
		916C5CB82B7C155E00EA6FE5 /* coreTests.macros in Sources */ = {isa = PBXBuildFile; fileRef = 916C5CB72B7C155E00EA6FE5 /* coreTests.macros */; };
		91908DBE2B966ABC008CC466 /* replTests.s in Sources */ = {isa = PBXBuildFile; fileRef = 91908DBD2B966ABC008CC466 /* replTests.s */; };
		91908DC12B97B19E008CC466 /* repl.s in Sources */ = {isa = PBXBuildFile; fileRef = 91908DC02B97B19E008CC466 /* repl.s */; };
		91CAE5EB2BA23EB7001E8E9E /* repl.macros in Sources */ = {isa = PBXBuildFile; fileRef = 91CAE5EA2BA23EB7001E8E9E /* repl.macros */; };
		91CAE5F12BA8BE95001E8E9E /* core.defines in Sources */ = {isa = PBXBuildFile; fileRef = 91CAE5F02BA8BE95001E8E9E /* core.defines */; };
		91D342EB2B98F8A4001B1D00 /* main.s in Sources */ = {isa = PBXBuildFile; fileRef = 91D342EA2B98F8A4001B1D00 /* main.s */; };
		91D58B9D2BBC813B004311FB /* variables.s in Sources */ = {isa = PBXBuildFile; fileRef = 91D58B9C2BBC813B004311FB /* variables.s */; };
		91D58B9F2BBC8152004311FB /* variablesTests.s in Sources */ = {isa = PBXBuildFile; fileRef = 91D58B9E2BBC8152004311FB /* variablesTests.s */; };
		91D58BA12BBDD17A004311FB /* string.s in Sources */ = {isa = PBXBuildFile; fileRef = 91D58BA02BBDD17A004311FB /* string.s */; };
		91D58BA32BBDD18F004311FB /* stringTests.s in Sources */ = {isa = PBXBuildFile; fileRef = 91D58BA22BBDD18F004311FB /* stringTests.s */; };
		91D58BA62BC5BE0D004311FB /* kilo.c in Sources */ = {isa = PBXBuildFile; fileRef = 91D58BA52BC5BE0D004311FB /* kilo.c */; };
		91D58BA82BC5DCCE004311FB /* ioTests.s in Sources */ = {isa = PBXBuildFile; fileRef = 91D58BA72BC5DCCE004311FB /* ioTests.s */; };
		91E41A242BB20C0000F83677 /* arithmeticTests.s in Sources */ = {isa = PBXBuildFile; fileRef = 91E41A232BB20C0000F83677 /* arithmeticTests.s */; };
		91E41A262BB2E94E00F83677 /* stack.s in Sources */ = {isa = PBXBuildFile; fileRef = 91E41A252BB2E94E00F83677 /* stack.s */; };
		91E41A2A2BB2EEAA00F83677 /* stackTests.s in Sources */ = {isa = PBXBuildFile; fileRef = 91E41A292BB2EEAA00F83677 /* stackTests.s */; };
		91E41A2D2BB2F0B600F83677 /* relational.s in Sources */ = {isa = PBXBuildFile; fileRef = 91E41A2C2BB2F0B600F83677 /* relational.s */; };
		91E41A2F2BB2F1B600F83677 /* relationalTests.s in Sources */ = {isa = PBXBuildFile; fileRef = 91E41A2E2BB2F1B600F83677 /* relationalTests.s */; };
		91E41A312BB2F4E700F83677 /* control.s in Sources */ = {isa = PBXBuildFile; fileRef = 91E41A302BB2F4E700F83677 /* control.s */; };
		91E41A332BB2F56200F83677 /* controlTests.s in Sources */ = {isa = PBXBuildFile; fileRef = 91E41A322BB2F56200F83677 /* controlTests.s */; };
		91E41A352BB350BB00F83677 /* logical.s in Sources */ = {isa = PBXBuildFile; fileRef = 91E41A342BB350BB00F83677 /* logical.s */; };
		91E41A372BB350CE00F83677 /* logicalTests.s in Sources */ = {isa = PBXBuildFile; fileRef = 91E41A362BB350CE00F83677 /* logicalTests.s */; };
/* End PBXBuildFile section */

/* Begin PBXCopyFilesBuildPhase section */
		91238D6F2B730A6000052895 /* CopyFiles */ = {
			isa = PBXCopyFilesBuildPhase;
			buildActionMask = 2147483647;
			dstPath = /usr/share/man/man1/;
			dstSubfolderSpec = 0;
			files = (
			);
			runOnlyForDeploymentPostprocessing = 1;
		};
/* End PBXCopyFilesBuildPhase section */

/* Begin PBXFileReference section */
		91238D712B730A6000052895 /* tenth */ = {isa = PBXFileReference; explicitFileType = "compiled.mach-o.executable"; includeInIndex = 0; path = tenth; sourceTree = BUILT_PRODUCTS_DIR; };
		91238D7B2B730AC100052895 /* _todo.txt */ = {isa = PBXFileReference; lastKnownFileType = text; name = _todo.txt; path = ../_todo.txt; sourceTree = "<group>"; };
		91238D7F2B730AD800052895 /* Makefile */ = {isa = PBXFileReference; lastKnownFileType = sourcecode.make; name = Makefile; path = ../Makefile; sourceTree = "<group>"; };
		91238D812B730AD800052895 /* cLikeTests.s */ = {isa = PBXFileReference; lastKnownFileType = sourcecode.asm; name = cLikeTests.s; path = ../cLikeTests.s; sourceTree = "<group>"; };
		91238D832B730AD800052895 /* compile.s */ = {isa = PBXFileReference; lastKnownFileType = sourcecode.asm; name = compile.s; path = ../compile.s; sourceTree = "<group>"; };
		91238D842B730AD800052895 /* assembler.macros */ = {isa = PBXFileReference; lastKnownFileType = text; name = assembler.macros; path = ../assembler.macros; sourceTree = "<group>"; };
		91238D862B730AD800052895 /* README.md */ = {isa = PBXFileReference; lastKnownFileType = net.daringfireball.markdown; name = README.md; path = ../README.md; sourceTree = "<group>"; };
		91238D882B730AD800052895 /* asUnit.macros */ = {isa = PBXFileReference; lastKnownFileType = text; name = asUnit.macros; path = ../asUnit.macros; sourceTree = "<group>"; };
		91238D892B730AD800052895 /* asUnit.s */ = {isa = PBXFileReference; lastKnownFileType = sourcecode.asm; name = asUnit.s; path = ../asUnit.s; sourceTree = "<group>"; };
		91238D8A2B730AD800052895 /* cLike.s */ = {isa = PBXFileReference; lastKnownFileType = sourcecode.asm; name = cLike.s; path = ../cLike.s; sourceTree = "<group>"; };
		91238D8B2B730AD800052895 /* LICENSE */ = {isa = PBXFileReference; lastKnownFileType = text; name = LICENSE; path = ../LICENSE; sourceTree = "<group>"; };
		91238D902B730AE600052895 /* unix_functions.macros */ = {isa = PBXFileReference; lastKnownFileType = text; name = unix_functions.macros; path = ../unix_functions.macros; sourceTree = "<group>"; };
		91238D912B730AE600052895 /* Tenth.key */ = {isa = PBXFileReference; lastKnownFileType = file; name = Tenth.key; path = ../Tenth.key; sourceTree = "<group>"; };
		912FE26F2B9111330065D33E /* dictionaryTests.s */ = {isa = PBXFileReference; lastKnownFileType = sourcecode.asm; name = dictionaryTests.s; path = ../dictionaryTests.s; sourceTree = "<group>"; };
		912FE2712B9121400065D33E /* dictionary.s */ = {isa = PBXFileReference; lastKnownFileType = sourcecode.asm; name = dictionary.s; path = ../dictionary.s; sourceTree = "<group>"; };
		912FE2752B9122B00065D33E /* dictionary.macros */ = {isa = PBXFileReference; lastKnownFileType = text; name = dictionary.macros; path = ../dictionary.macros; sourceTree = "<group>"; };
		913B91F92B9A57AB00943E4E /* input.s */ = {isa = PBXFileReference; lastKnownFileType = sourcecode.asm; name = input.s; path = ../input.s; sourceTree = "<group>"; };
		913B91FD2B9A5AB400943E4E /* inputTests.s */ = {isa = PBXFileReference; lastKnownFileType = sourcecode.asm; name = inputTests.s; path = ../inputTests.s; sourceTree = "<group>"; };
		91451FBE2B73E3C700D8C89A /* compileTests.s */ = {isa = PBXFileReference; fileEncoding = 4; lastKnownFileType = sourcecode.asm; name = compileTests.s; path = ../compileTests.s; sourceTree = "<group>"; };
		91451FC12B73E3F000D8C89A /* interpreterTests.s */ = {isa = PBXFileReference; fileEncoding = 4; lastKnownFileType = sourcecode.asm; name = interpreterTests.s; path = ../interpreterTests.s; sourceTree = "<group>"; };
		91451FC32B73E40500D8C89A /* unitTestPlayground.s */ = {isa = PBXFileReference; fileEncoding = 4; lastKnownFileType = sourcecode.asm; name = unitTestPlayground.s; path = ../unitTestPlayground.s; sourceTree = "<group>"; };
		916C5CB72B7C155E00EA6FE5 /* coreTests.macros */ = {isa = PBXFileReference; lastKnownFileType = text; name = coreTests.macros; path = ../coreTests.macros; sourceTree = "<group>"; };
		91908DBD2B966ABC008CC466 /* replTests.s */ = {isa = PBXFileReference; lastKnownFileType = sourcecode.asm; name = replTests.s; path = ../replTests.s; sourceTree = "<group>"; };
		91908DC02B97B19E008CC466 /* repl.s */ = {isa = PBXFileReference; lastKnownFileType = sourcecode.asm; name = repl.s; path = ../repl.s; sourceTree = "<group>"; };
		91B9F1322B742898005730DF /* interpreter.s */ = {isa = PBXFileReference; lastKnownFileType = sourcecode.asm; name = interpreter.s; path = ../interpreter.s; sourceTree = "<group>"; };
		91CAE5EA2BA23EB7001E8E9E /* repl.macros */ = {isa = PBXFileReference; lastKnownFileType = text; name = repl.macros; path = ../repl.macros; sourceTree = "<group>"; };
		91CAE5EC2BA374B2001E8E9E /* EnvironmentNotes.key */ = {isa = PBXFileReference; lastKnownFileType = file; name = EnvironmentNotes.key; path = ../EnvironmentNotes.key; sourceTree = "<group>"; };
		91CAE5ED2BA3DC73001E8E9E /* DesignNotes.key */ = {isa = PBXFileReference; lastKnownFileType = file; name = DesignNotes.key; path = ../DesignNotes.key; sourceTree = "<group>"; };
		91CAE5F02BA8BE95001E8E9E /* core.defines */ = {isa = PBXFileReference; lastKnownFileType = text; name = core.defines; path = ../core.defines; sourceTree = "<group>"; };
		91CAE5F22BACAC50001E8E9E /* asUnit.key */ = {isa = PBXFileReference; lastKnownFileType = file; name = asUnit.key; path = ../asUnit.key; sourceTree = "<group>"; };
		91D342EA2B98F8A4001B1D00 /* main.s */ = {isa = PBXFileReference; lastKnownFileType = sourcecode.asm; name = main.s; path = ../main.s; sourceTree = "<group>"; };
		91D58B9C2BBC813B004311FB /* variables.s */ = {isa = PBXFileReference; lastKnownFileType = sourcecode.asm; name = variables.s; path = ../variables.s; sourceTree = "<group>"; };
		91D58B9E2BBC8152004311FB /* variablesTests.s */ = {isa = PBXFileReference; lastKnownFileType = sourcecode.asm; name = variablesTests.s; path = ../variablesTests.s; sourceTree = "<group>"; };
		91D58BA02BBDD17A004311FB /* string.s */ = {isa = PBXFileReference; lastKnownFileType = sourcecode.asm; name = string.s; path = ../string.s; sourceTree = "<group>"; };
		91D58BA22BBDD18F004311FB /* stringTests.s */ = {isa = PBXFileReference; lastKnownFileType = sourcecode.asm; name = stringTests.s; path = ../stringTests.s; sourceTree = "<group>"; };
		91D58BA52BC5BE0D004311FB /* kilo.c */ = {isa = PBXFileReference; fileEncoding = 4; lastKnownFileType = sourcecode.c.c; name = kilo.c; path = ../kilo.c; sourceTree = "<group>"; };
		91D58BA72BC5DCCE004311FB /* ioTests.s */ = {isa = PBXFileReference; lastKnownFileType = sourcecode.asm; name = ioTests.s; path = ../ioTests.s; sourceTree = "<group>"; };
		91E41A1E2BB2056400F83677 /* io.s */ = {isa = PBXFileReference; lastKnownFileType = sourcecode.asm; name = io.s; path = ../io.s; sourceTree = "<group>"; };
		91E41A202BB20ACA00F83677 /* arithmetic.s */ = {isa = PBXFileReference; lastKnownFileType = sourcecode.asm; name = arithmetic.s; path = ../arithmetic.s; sourceTree = "<group>"; };
		91E41A232BB20C0000F83677 /* arithmeticTests.s */ = {isa = PBXFileReference; lastKnownFileType = sourcecode.asm; name = arithmeticTests.s; path = ../arithmeticTests.s; sourceTree = "<group>"; };
		91E41A252BB2E94E00F83677 /* stack.s */ = {isa = PBXFileReference; lastKnownFileType = sourcecode.asm; name = stack.s; path = ../stack.s; sourceTree = "<group>"; };
		91E41A292BB2EEAA00F83677 /* stackTests.s */ = {isa = PBXFileReference; lastKnownFileType = sourcecode.asm; name = stackTests.s; path = ../stackTests.s; sourceTree = "<group>"; };
		91E41A2C2BB2F0B600F83677 /* relational.s */ = {isa = PBXFileReference; lastKnownFileType = sourcecode.asm; name = relational.s; path = ../relational.s; sourceTree = "<group>"; };
		91E41A2E2BB2F1B600F83677 /* relationalTests.s */ = {isa = PBXFileReference; lastKnownFileType = sourcecode.asm; name = relationalTests.s; path = ../relationalTests.s; sourceTree = "<group>"; };
		91E41A302BB2F4E700F83677 /* control.s */ = {isa = PBXFileReference; lastKnownFileType = sourcecode.asm; name = control.s; path = ../control.s; sourceTree = "<group>"; };
		91E41A322BB2F56200F83677 /* controlTests.s */ = {isa = PBXFileReference; lastKnownFileType = sourcecode.asm; name = controlTests.s; path = ../controlTests.s; sourceTree = "<group>"; };
		91E41A342BB350BB00F83677 /* logical.s */ = {isa = PBXFileReference; lastKnownFileType = sourcecode.asm; name = logical.s; path = ../logical.s; sourceTree = "<group>"; };
		91E41A362BB350CE00F83677 /* logicalTests.s */ = {isa = PBXFileReference; lastKnownFileType = sourcecode.asm; name = logicalTests.s; path = ../logicalTests.s; sourceTree = "<group>"; };
/* End PBXFileReference section */

/* Begin PBXFrameworksBuildPhase section */
		91238D6E2B730A6000052895 /* Frameworks */ = {
			isa = PBXFrameworksBuildPhase;
			buildActionMask = 2147483647;
			files = (
			);
			runOnlyForDeploymentPostprocessing = 0;
		};
/* End PBXFrameworksBuildPhase section */

/* Begin PBXGroup section */
		91238D682B730A6000052895 = {
			isa = PBXGroup;
			children = (
				91238D7B2B730AC100052895 /* _todo.txt */,
				91238D912B730AE600052895 /* Tenth.key */,
				91CAE5ED2BA3DC73001E8E9E /* DesignNotes.key */,
				91CAE5F22BACAC50001E8E9E /* asUnit.key */,
				91CAE5EC2BA374B2001E8E9E /* EnvironmentNotes.key */,
				91238D8B2B730AD800052895 /* LICENSE */,
				91238D7F2B730AD800052895 /* Makefile */,
				91238D862B730AD800052895 /* README.md */,
				91D58BA42BC5BDEF004311FB /* cDemo */,
				91238D982B730B8200052895 /* asUnit */,
				91238D972B730B7200052895 /* macros */,
				91238D992B730B9500052895 /* core */,
				912FE2732B91225F0065D33E /* dictionary */,
				91908DBF2B97B17F008CC466 /* repl */,
				91451FBD2B73E36D00D8C89A /* tests */,
				91238D722B730A6000052895 /* Products */,
			);
			sourceTree = "<group>";
		};
		91238D722B730A6000052895 /* Products */ = {
			isa = PBXGroup;
			children = (
				91238D712B730A6000052895 /* tenth */,
			);
			name = Products;
			sourceTree = "<group>";
		};
		91238D972B730B7200052895 /* macros */ = {
			isa = PBXGroup;
			children = (
				91238D842B730AD800052895 /* assembler.macros */,
				91238D902B730AE600052895 /* unix_functions.macros */,
			);
			name = macros;
			sourceTree = "<group>";
		};
		91238D982B730B8200052895 /* asUnit */ = {
			isa = PBXGroup;
			children = (
				91238D882B730AD800052895 /* asUnit.macros */,
				91238D892B730AD800052895 /* asUnit.s */,
			);
			name = asUnit;
			sourceTree = "<group>";
		};
		91238D992B730B9500052895 /* core */ = {
			isa = PBXGroup;
			children = (
				91E41A202BB20ACA00F83677 /* arithmetic.s */,
				91238D8A2B730AD800052895 /* cLike.s */,
				91238D832B730AD800052895 /* compile.s */,
				91E41A302BB2F4E700F83677 /* control.s */,
				91CAE5F02BA8BE95001E8E9E /* core.defines */,
				91B9F1322B742898005730DF /* interpreter.s */,
				91E41A1E2BB2056400F83677 /* io.s */,
				91E41A342BB350BB00F83677 /* logical.s */,
				91E41A2C2BB2F0B600F83677 /* relational.s */,
				91E41A252BB2E94E00F83677 /* stack.s */,
				91D58B9C2BBC813B004311FB /* variables.s */,
				91D58BA02BBDD17A004311FB /* string.s */,
			);
			name = core;
			sourceTree = "<group>";
		};
		912FE2732B91225F0065D33E /* dictionary */ = {
			isa = PBXGroup;
			children = (
				912FE2752B9122B00065D33E /* dictionary.macros */,
				912FE2712B9121400065D33E /* dictionary.s */,
			);
			name = dictionary;
			sourceTree = "<group>";
		};
		91451FBD2B73E36D00D8C89A /* tests */ = {
			isa = PBXGroup;
			children = (
				91E41A232BB20C0000F83677 /* arithmeticTests.s */,
				91238D812B730AD800052895 /* cLikeTests.s */,
				91451FBE2B73E3C700D8C89A /* compileTests.s */,
				91E41A322BB2F56200F83677 /* controlTests.s */,
				916C5CB72B7C155E00EA6FE5 /* coreTests.macros */,
				912FE26F2B9111330065D33E /* dictionaryTests.s */,
				913B91FD2B9A5AB400943E4E /* inputTests.s */,
				91451FC12B73E3F000D8C89A /* interpreterTests.s */,
				91D58BA72BC5DCCE004311FB /* ioTests.s */,
				91E41A362BB350CE00F83677 /* logicalTests.s */,
				91E41A2E2BB2F1B600F83677 /* relationalTests.s */,
				91908DBD2B966ABC008CC466 /* replTests.s */,
				91E41A292BB2EEAA00F83677 /* stackTests.s */,
				91D58BA22BBDD18F004311FB /* stringTests.s */,
				91451FC32B73E40500D8C89A /* unitTestPlayground.s */,
				91D58B9E2BBC8152004311FB /* variablesTests.s */,
			);
			name = tests;
			sourceTree = "<group>";
		};
		91908DBF2B97B17F008CC466 /* repl */ = {
			isa = PBXGroup;
			children = (
				913B91F92B9A57AB00943E4E /* input.s */,
				91D342EA2B98F8A4001B1D00 /* main.s */,
				91CAE5EA2BA23EB7001E8E9E /* repl.macros */,
				91908DC02B97B19E008CC466 /* repl.s */,
			);
			name = repl;
			sourceTree = "<group>";
		};
		91D58BA42BC5BDEF004311FB /* cDemo */ = {
			isa = PBXGroup;
			children = (
				91D58BA52BC5BE0D004311FB /* kilo.c */,
			);
			name = cDemo;
			sourceTree = "<group>";
		};
/* End PBXGroup section */

/* Begin PBXNativeTarget section */
		91238D702B730A6000052895 /* tenth */ = {
			isa = PBXNativeTarget;
			buildConfigurationList = 91238D782B730A6000052895 /* Build configuration list for PBXNativeTarget "tenth" */;
			buildPhases = (
				91238D6D2B730A6000052895 /* Sources */,
				91238D6E2B730A6000052895 /* Frameworks */,
				91238D6F2B730A6000052895 /* CopyFiles */,
			);
			buildRules = (
			);
			dependencies = (
			);
			name = tenth;
			productName = tenth;
			productReference = 91238D712B730A6000052895 /* tenth */;
			productType = "com.apple.product-type.tool";
		};
/* End PBXNativeTarget section */

/* Begin PBXProject section */
		91238D692B730A6000052895 /* Project object */ = {
			isa = PBXProject;
			attributes = {
				BuildIndependentTargetsInParallel = 1;
				LastUpgradeCheck = 1520;
				TargetAttributes = {
					91238D702B730A6000052895 = {
						CreatedOnToolsVersion = 15.2;
					};
				};
			};
			buildConfigurationList = 91238D6C2B730A6000052895 /* Build configuration list for PBXProject "tenth" */;
			compatibilityVersion = "Xcode 14.0";
			developmentRegion = en;
			hasScannedForEncodings = 0;
			knownRegions = (
				en,
				Base,
			);
			mainGroup = 91238D682B730A6000052895;
			productRefGroup = 91238D722B730A6000052895 /* Products */;
			projectDirPath = "";
			projectRoot = "";
			targets = (
				91238D702B730A6000052895 /* tenth */,
			);
		};
/* End PBXProject section */

/* Begin PBXSourcesBuildPhase section */
		91238D6D2B730A6000052895 /* Sources */ = {
			isa = PBXSourcesBuildPhase;
			buildActionMask = 2147483647;
			files = (
				91D58BA12BBDD17A004311FB /* string.s in Sources */,
				91E41A372BB350CE00F83677 /* logicalTests.s in Sources */,
				91D342EB2B98F8A4001B1D00 /* main.s in Sources */,
				913B91FA2B9A57AB00943E4E /* input.s in Sources */,
				91E41A242BB20C0000F83677 /* arithmeticTests.s in Sources */,
				91E41A2A2BB2EEAA00F83677 /* stackTests.s in Sources */,
				91CAE5F12BA8BE95001E8E9E /* core.defines in Sources */,
				91451FC42B73E40500D8C89A /* unitTestPlayground.s in Sources */,
				91D58B9F2BBC8152004311FB /* variablesTests.s in Sources */,
				91451FC02B73E3D400D8C89A /* cLikeTests.s in Sources */,
				91D58BA82BC5DCCE004311FB /* ioTests.s in Sources */,
				91E41A352BB350BB00F83677 /* logical.s in Sources */,
				913B91FE2B9A5AB400943E4E /* inputTests.s in Sources */,
				91E41A2F2BB2F1B600F83677 /* relationalTests.s in Sources */,
				91E41A2D2BB2F0B600F83677 /* relational.s in Sources */,
				91D58BA62BC5BE0D004311FB /* kilo.c in Sources */,
				91908DC12B97B19E008CC466 /* repl.s in Sources */,
				91E41A332BB2F56200F83677 /* controlTests.s in Sources */,
				91E41A312BB2F4E700F83677 /* control.s in Sources */,
				91908DBE2B966ABC008CC466 /* replTests.s in Sources */,
				912FE2722B9121400065D33E /* dictionary.s in Sources */,
				91CAE5EB2BA23EB7001E8E9E /* repl.macros in Sources */,
				91D58BA32BBDD18F004311FB /* stringTests.s in Sources */,
				91451FBF2B73E3C700D8C89A /* compileTests.s in Sources */,
				912FE2702B9111330065D33E /* dictionaryTests.s in Sources */,
				916C5CB82B7C155E00EA6FE5 /* coreTests.macros in Sources */,
				91D58B9D2BBC813B004311FB /* variables.s in Sources */,
				91E41A262BB2E94E00F83677 /* stack.s in Sources */,
				91451FC22B73E3F000D8C89A /* interpreterTests.s in Sources */,
			);
			runOnlyForDeploymentPostprocessing = 0;
		};
/* End PBXSourcesBuildPhase section */

/* Begin XCBuildConfiguration section */
		91238D762B730A6000052895 /* Debug */ = {
			isa = XCBuildConfiguration;
			buildSettings = {
				ALWAYS_SEARCH_USER_PATHS = NO;
				ASSETCATALOG_COMPILER_GENERATE_SWIFT_ASSET_SYMBOL_EXTENSIONS = YES;
				CLANG_ANALYZER_NONNULL = YES;
				CLANG_ANALYZER_NUMBER_OBJECT_CONVERSION = YES_AGGRESSIVE;
				CLANG_CXX_LANGUAGE_STANDARD = "gnu++20";
				CLANG_ENABLE_MODULES = YES;
				CLANG_ENABLE_OBJC_ARC = YES;
				CLANG_ENABLE_OBJC_WEAK = YES;
				CLANG_WARN_BLOCK_CAPTURE_AUTORELEASING = YES;
				CLANG_WARN_BOOL_CONVERSION = YES;
				CLANG_WARN_COMMA = YES;
				CLANG_WARN_CONSTANT_CONVERSION = YES;
				CLANG_WARN_DEPRECATED_OBJC_IMPLEMENTATIONS = YES;
				CLANG_WARN_DIRECT_OBJC_ISA_USAGE = YES_ERROR;
				CLANG_WARN_DOCUMENTATION_COMMENTS = YES;
				CLANG_WARN_EMPTY_BODY = YES;
				CLANG_WARN_ENUM_CONVERSION = YES;
				CLANG_WARN_INFINITE_RECURSION = YES;
				CLANG_WARN_INT_CONVERSION = YES;
				CLANG_WARN_NON_LITERAL_NULL_CONVERSION = YES;
				CLANG_WARN_OBJC_IMPLICIT_RETAIN_SELF = YES;
				CLANG_WARN_OBJC_LITERAL_CONVERSION = YES;
				CLANG_WARN_OBJC_ROOT_CLASS = YES_ERROR;
				CLANG_WARN_QUOTED_INCLUDE_IN_FRAMEWORK_HEADER = YES;
				CLANG_WARN_RANGE_LOOP_ANALYSIS = YES;
				CLANG_WARN_STRICT_PROTOTYPES = YES;
				CLANG_WARN_SUSPICIOUS_MOVE = YES;
				CLANG_WARN_UNGUARDED_AVAILABILITY = YES_AGGRESSIVE;
				CLANG_WARN_UNREACHABLE_CODE = YES;
				CLANG_WARN__DUPLICATE_METHOD_MATCH = YES;
				COPY_PHASE_STRIP = NO;
				DEBUG_INFORMATION_FORMAT = dwarf;
				ENABLE_STRICT_OBJC_MSGSEND = YES;
				ENABLE_TESTABILITY = YES;
				ENABLE_USER_SCRIPT_SANDBOXING = YES;
				GCC_C_LANGUAGE_STANDARD = gnu17;
				GCC_DYNAMIC_NO_PIC = NO;
				GCC_NO_COMMON_BLOCKS = YES;
				GCC_OPTIMIZATION_LEVEL = 0;
				GCC_PREPROCESSOR_DEFINITIONS = (
					"DEBUG=1",
					"$(inherited)",
				);
				GCC_WARN_64_TO_32_BIT_CONVERSION = YES;
				GCC_WARN_ABOUT_RETURN_TYPE = YES_ERROR;
				GCC_WARN_UNDECLARED_SELECTOR = YES;
				GCC_WARN_UNINITIALIZED_AUTOS = YES_AGGRESSIVE;
				GCC_WARN_UNUSED_FUNCTION = YES;
				GCC_WARN_UNUSED_VARIABLE = YES;
				LOCALIZATION_PREFERS_STRING_CATALOGS = YES;
				MACOSX_DEPLOYMENT_TARGET = 14.2;
				MTL_ENABLE_DEBUG_INFO = INCLUDE_SOURCE;
				MTL_FAST_MATH = YES;
				ONLY_ACTIVE_ARCH = YES;
				SDKROOT = macosx;
			};
			name = Debug;
		};
		91238D772B730A6000052895 /* Release */ = {
			isa = XCBuildConfiguration;
			buildSettings = {
				ALWAYS_SEARCH_USER_PATHS = NO;
				ASSETCATALOG_COMPILER_GENERATE_SWIFT_ASSET_SYMBOL_EXTENSIONS = YES;
				CLANG_ANALYZER_NONNULL = YES;
				CLANG_ANALYZER_NUMBER_OBJECT_CONVERSION = YES_AGGRESSIVE;
				CLANG_CXX_LANGUAGE_STANDARD = "gnu++20";
				CLANG_ENABLE_MODULES = YES;
				CLANG_ENABLE_OBJC_ARC = YES;
				CLANG_ENABLE_OBJC_WEAK = YES;
				CLANG_WARN_BLOCK_CAPTURE_AUTORELEASING = YES;
				CLANG_WARN_BOOL_CONVERSION = YES;
				CLANG_WARN_COMMA = YES;
				CLANG_WARN_CONSTANT_CONVERSION = YES;
				CLANG_WARN_DEPRECATED_OBJC_IMPLEMENTATIONS = YES;
				CLANG_WARN_DIRECT_OBJC_ISA_USAGE = YES_ERROR;
				CLANG_WARN_DOCUMENTATION_COMMENTS = YES;
				CLANG_WARN_EMPTY_BODY = YES;
				CLANG_WARN_ENUM_CONVERSION = YES;
				CLANG_WARN_INFINITE_RECURSION = YES;
				CLANG_WARN_INT_CONVERSION = YES;
				CLANG_WARN_NON_LITERAL_NULL_CONVERSION = YES;
				CLANG_WARN_OBJC_IMPLICIT_RETAIN_SELF = YES;
				CLANG_WARN_OBJC_LITERAL_CONVERSION = YES;
				CLANG_WARN_OBJC_ROOT_CLASS = YES_ERROR;
				CLANG_WARN_QUOTED_INCLUDE_IN_FRAMEWORK_HEADER = YES;
				CLANG_WARN_RANGE_LOOP_ANALYSIS = YES;
				CLANG_WARN_STRICT_PROTOTYPES = YES;
				CLANG_WARN_SUSPICIOUS_MOVE = YES;
				CLANG_WARN_UNGUARDED_AVAILABILITY = YES_AGGRESSIVE;
				CLANG_WARN_UNREACHABLE_CODE = YES;
				CLANG_WARN__DUPLICATE_METHOD_MATCH = YES;
				COPY_PHASE_STRIP = NO;
				DEBUG_INFORMATION_FORMAT = "dwarf-with-dsym";
				ENABLE_NS_ASSERTIONS = NO;
				ENABLE_STRICT_OBJC_MSGSEND = YES;
				ENABLE_USER_SCRIPT_SANDBOXING = YES;
				GCC_C_LANGUAGE_STANDARD = gnu17;
				GCC_NO_COMMON_BLOCKS = YES;
				GCC_WARN_64_TO_32_BIT_CONVERSION = YES;
				GCC_WARN_ABOUT_RETURN_TYPE = YES_ERROR;
				GCC_WARN_UNDECLARED_SELECTOR = YES;
				GCC_WARN_UNINITIALIZED_AUTOS = YES_AGGRESSIVE;
				GCC_WARN_UNUSED_FUNCTION = YES;
				GCC_WARN_UNUSED_VARIABLE = YES;
				LOCALIZATION_PREFERS_STRING_CATALOGS = YES;
				MACOSX_DEPLOYMENT_TARGET = 14.2;
				MTL_ENABLE_DEBUG_INFO = NO;
				MTL_FAST_MATH = YES;
				SDKROOT = macosx;
			};
			name = Release;
		};
		91238D792B730A6000052895 /* Debug */ = {
			isa = XCBuildConfiguration;
			buildSettings = {
				CODE_SIGN_STYLE = Automatic;
				DEVELOPMENT_TEAM = 7B9VB3YTHK;
				ENABLE_HARDENED_RUNTIME = YES;
				PRODUCT_NAME = "$(TARGET_NAME)";
			};
			name = Debug;
		};
		91238D7A2B730A6000052895 /* Release */ = {
			isa = XCBuildConfiguration;
			buildSettings = {
				CODE_SIGN_STYLE = Automatic;
				DEVELOPMENT_TEAM = 7B9VB3YTHK;
				ENABLE_HARDENED_RUNTIME = YES;
				PRODUCT_NAME = "$(TARGET_NAME)";
			};
			name = Release;
		};
/* End XCBuildConfiguration section */

/* Begin XCConfigurationList section */
		91238D6C2B730A6000052895 /* Build configuration list for PBXProject "tenth" */ = {
			isa = XCConfigurationList;
			buildConfigurations = (
				91238D762B730A6000052895 /* Debug */,
				91238D772B730A6000052895 /* Release */,
			);
			defaultConfigurationIsVisible = 0;
			defaultConfigurationName = Release;
		};
		91238D782B730A6000052895 /* Build configuration list for PBXNativeTarget "tenth" */ = {
			isa = XCConfigurationList;
			buildConfigurations = (
				91238D792B730A6000052895 /* Debug */,
				91238D7A2B730A6000052895 /* Release */,
			);
			defaultConfigurationIsVisible = 0;
			defaultConfigurationName = Release;
		};
/* End XCConfigurationList section */
	};
	rootObject = 91238D692B730A6000052895 /* Project object */;
}
